
Microsoft Visual Studio Solution File, Format Version 12.00
# Visual Studio Version 17
VisualStudioVersion = 17.14.36429.23
MinimumVisualStudioVersion = 10.0.40219.1
Project("{2150E333-8FDC-42A3-9474-1A3956D46DE8}") = "Task0", "Task0", "{02EA681E-C7D8-13C7-8484-4AC65E1B71E8}"
EndProject
Project("{FAE04EC0-301F-11D3-BF4B-00C04F79EFBC}") = "Tyuiu.ShiganovaAV.Sprint1.Task0.V11.Lib", "Tyuiu.ShiganovaAV.Sprint1.Task0.V11.Lib\Tyuiu.ShiganovaAV.Sprint1.Task0.V11.Lib.csproj", "{5053679E-F675-44D0-B301-1187FFA9B524}"
EndProject
Project("{FAE04EC0-301F-11D3-BF4B-00C04F79EFBC}") = "Tyuiu.ShiganovaAV.Sprint1.Task0.V11", "Tyuiu.ShiganovaAV.Sprint1.Task0.V11\Tyuiu.ShiganovaAV.Sprint1.Task0.V11.csproj", "{4EAA08C1-8129-4909-B3AB-C6F17F7851F0}"
EndProject
Project("{FAE04EC0-301F-11D3-BF4B-00C04F79EFBC}") = "Tyuiu.ShiganovaAV.Sprint1.Task0.V11.Test", "Tyuiu.ShiganovaAV.Sprint1.Task0.V11.Test\Tyuiu.ShiganovaAV.Sprint1.Task0.V11.Test.csproj", "{4998D881-D8D8-4C7F-A4D5-8BF1B5DD59FA}"
EndProject
Project("{2150E333-8FDC-42A3-9474-1A3956D46DE8}") = "Task1", "Task1", "{1BE3F177-2135-4026-B6F0-8A98ABCE0640}"
EndProject
Project("{FAE04EC0-301F-11D3-BF4B-00C04F79EFBC}") = "Tyuiu.ShiganovaAV.Sprint1.Task1.V13", "Tyuiu.ShiganovaAV.Sprint1.Task1.V13\Tyuiu.ShiganovaAV.Sprint1.Task1.V13.csproj", "{9DE54C97-EF7B-468D-8B42-1AC1A2470605}"
EndProject
Project("{FAE04EC0-301F-11D3-BF4B-00C04F79EFBC}") = "Tyuiu.ShiganovaAV.Sprint1.Task1.V13.Test", "Tyuiu.ShiganovaAV.Sprint1.Task1.V13.Test\Tyuiu.ShiganovaAV.Sprint1.Task1.V13.Test.csproj", "{F20E38AD-D916-4D3B-B818-4D92D8ABCCE0}"
EndProject
Project("{FAE04EC0-301F-11D3-BF4B-00C04F79EFBC}") = "Tyuiu.ShiganovaAV.Sprint1.Task1.V13.Lib", "Tyuiu.ShiganovaAV.Sprint1.Task1.V13.Lib\Tyuiu.ShiganovaAV.Sprint1.Task1.V13.Lib.csproj", "{4BAEE33A-75CF-4409-B4DD-CC4F4916579B}"
EndProject
Project("{2150E333-8FDC-42A3-9474-1A3956D46DE8}") = "Task2", "Task2", "{CF6BC5A3-1836-4FE4-AA35-AD0B1DFDFD3C}"
EndProject
Project("{FAE04EC0-301F-11D3-BF4B-00C04F79EFBC}") = "Tyuiu.ShiganovaAV.Sprint1.Task2.V24", "Tyuiu.ShiganovaAV.Sprint1.Task2.V24\Tyuiu.ShiganovaAV.Sprint1.Task2.V24.csproj", "{5BEA0B8F-A42F-4659-AC99-89D7365A5C00}"
EndProject
Project("{FAE04EC0-301F-11D3-BF4B-00C04F79EFBC}") = "Tyuiu.ShiganovaAV.Sprint1.Task2.V24.Test", "Tyuiu.ShiganovaAV.Sprint1.Task2.V24.Test\Tyuiu.ShiganovaAV.Sprint1.Task2.V24.Test.csproj", "{AC6E5A3D-F130-42A3-B9A7-F8037F694250}"
EndProject
Project("{FAE04EC0-301F-11D3-BF4B-00C04F79EFBC}") = "Tyuiu.ShiganovaAV.Sprint1.Task2.V24.Lib", "Tyuiu.ShiganovaAV.Sprint1.Task2.V24.Lib\Tyuiu.ShiganovaAV.Sprint1.Task2.V24.Lib.csproj", "{59528986-E6F3-4EF1-B396-A56A7668E8C6}"
EndProject
Project("{2150E333-8FDC-42A3-9474-1A3956D46DE8}") = "Task3", "Task3", "{55BA5274-FD60-49DE-984A-5583B211A2BC}"
EndProject
Project("{FAE04EC0-301F-11D3-BF4B-00C04F79EFBC}") = "Tyuiu.ShiganovaAV.Sprint1.Task3.V15", "Tyuiu.ShiganovaAV.Sprint1.Task3.V15\Tyuiu.ShiganovaAV.Sprint1.Task3.V15.csproj", "{10B136BD-45BA-4430-8F4E-193F0D33E325}"
EndProject
Project("{FAE04EC0-301F-11D3-BF4B-00C04F79EFBC}") = "Tyuiu.ShiganovaAV.Sprint1.Task3.V15.Test", "Tyuiu.ShiganovaAV.Sprint1.Task3.Test\Tyuiu.ShiganovaAV.Sprint1.Task3.V15.Test.csproj", "{76065931-68BC-48A9-9473-0EF040AD3DFA}"
EndProject
Project("{FAE04EC0-301F-11D3-BF4B-00C04F79EFBC}") = "Tyuiu.ShiganovaAV.Sprint1.Task3.V15.Lib", "Tyuiu.ShiganovaAV.Sprint1.Task3.V15.Lib\Tyuiu.ShiganovaAV.Sprint1.Task3.V15.Lib.csproj", "{0885FE13-00D5-424B-A595-4308E57E534C}"
EndProject
Project("{2150E333-8FDC-42A3-9474-1A3956D46DE8}") = "Task4", "Task4", "{CAEBA2C9-BCF9-4576-94AF-4D0B563AA0DF}"
EndProject
Project("{FAE04EC0-301F-11D3-BF4B-00C04F79EFBC}") = "Tyuiu.ShiganovaAV.Sprint1.Task4.V24", "Tyuiu.ShiganovaAV.Sprint1.Task4.V24\Tyuiu.ShiganovaAV.Sprint1.Task4.V24.csproj", "{A29E2FCA-58E7-4A1C-ABD4-3F51503F3023}"
EndProject
Project("{FAE04EC0-301F-11D3-BF4B-00C04F79EFBC}") = "Tyuiu.ShiganovaAV.Sprint1.Task4.V24.Lib", "Tyuiu.ShiganovaAV.Sprint1.Task4.V24.Lib\Tyuiu.ShiganovaAV.Sprint1.Task4.V24.Lib.csproj", "{D77C7E63-8CE2-4679-A7EC-EF4BF035D7E6}"
EndProject
Project("{FAE04EC0-301F-11D3-BF4B-00C04F79EFBC}") = "Tyuiu.ShiganovaAV.Sprint1.Task4.V24.Test", "Tyuiu.ShiganovaAV.Sprint1.Task4.V24.Test\Tyuiu.ShiganovaAV.Sprint1.Task4.V24.Test.csproj", "{3AD1671D-562B-4A9B-8B2E-4AE7D4B4A81C}"
EndProject
Project("{2150E333-8FDC-42A3-9474-1A3956D46DE8}") = "Task5", "Task5", "{29362FAF-1E2F-4E3C-9B58-4F0B1DA40BDE}"
EndProject
Project("{FAE04EC0-301F-11D3-BF4B-00C04F79EFBC}") = "Tyuiu.ShiganovaAV.Sprint1.Task5.V2", "Tyuiu.ShiganovaAV.Sprint1.Task5.V2\Tyuiu.ShiganovaAV.Sprint1.Task5.V2.csproj", "{4E9E4990-2014-4C4E-9F3A-4C954AB6C903}"
EndProject
Project("{FAE04EC0-301F-11D3-BF4B-00C04F79EFBC}") = "Tyuiu.ShiganovaAV.Sprint1.Task5.V2.Lib", "Tyuiu.ShiganovaAV.Sprint1.Task5.V2.Lib\Tyuiu.ShiganovaAV.Sprint1.Task5.V2.Lib.csproj", "{C67AED62-069A-469F-93DD-A3BD96BFEF4E}"
EndProject
Project("{FAE04EC0-301F-11D3-BF4B-00C04F79EFBC}") = "Tyuiu.ShiganovaAV.Sprint1.Task5.V2.Test", "Tyuiu.ShiganovaAV.Sprint1.Task5.V2.Test\Tyuiu.ShiganovaAV.Sprint1.Task5.V2.Test.csproj", "{F6FA8537-5414-4A0C-B6BC-3126DBF73B88}"
EndProject
Global
	GlobalSection(SolutionConfigurationPlatforms) = preSolution
		Debug|Any CPU = Debug|Any CPU
		Release|Any CPU = Release|Any CPU
	EndGlobalSection
	GlobalSection(ProjectConfigurationPlatforms) = postSolution
		{5053679E-F675-44D0-B301-1187FFA9B524}.Debug|Any CPU.ActiveCfg = Debug|Any CPU
		{5053679E-F675-44D0-B301-1187FFA9B524}.Debug|Any CPU.Build.0 = Debug|Any CPU
		{5053679E-F675-44D0-B301-1187FFA9B524}.Release|Any CPU.ActiveCfg = Release|Any CPU
		{5053679E-F675-44D0-B301-1187FFA9B524}.Release|Any CPU.Build.0 = Release|Any CPU
		{4EAA08C1-8129-4909-B3AB-C6F17F7851F0}.Debug|Any CPU.ActiveCfg = Debug|Any CPU
		{4EAA08C1-8129-4909-B3AB-C6F17F7851F0}.Debug|Any CPU.Build.0 = Debug|Any CPU
		{4EAA08C1-8129-4909-B3AB-C6F17F7851F0}.Release|Any CPU.ActiveCfg = Release|Any CPU
		{4EAA08C1-8129-4909-B3AB-C6F17F7851F0}.Release|Any CPU.Build.0 = Release|Any CPU
		{4998D881-D8D8-4C7F-A4D5-8BF1B5DD59FA}.Debug|Any CPU.ActiveCfg = Debug|Any CPU
		{4998D881-D8D8-4C7F-A4D5-8BF1B5DD59FA}.Debug|Any CPU.Build.0 = Debug|Any CPU
		{4998D881-D8D8-4C7F-A4D5-8BF1B5DD59FA}.Release|Any CPU.ActiveCfg = Release|Any CPU
		{4998D881-D8D8-4C7F-A4D5-8BF1B5DD59FA}.Release|Any CPU.Build.0 = Release|Any CPU
		{9DE54C97-EF7B-468D-8B42-1AC1A2470605}.Debug|Any CPU.ActiveCfg = Debug|Any CPU
		{9DE54C97-EF7B-468D-8B42-1AC1A2470605}.Debug|Any CPU.Build.0 = Debug|Any CPU
		{9DE54C97-EF7B-468D-8B42-1AC1A2470605}.Release|Any CPU.ActiveCfg = Release|Any CPU
		{9DE54C97-EF7B-468D-8B42-1AC1A2470605}.Release|Any CPU.Build.0 = Release|Any CPU
		{F20E38AD-D916-4D3B-B818-4D92D8ABCCE0}.Debug|Any CPU.ActiveCfg = Debug|Any CPU
		{F20E38AD-D916-4D3B-B818-4D92D8ABCCE0}.Debug|Any CPU.Build.0 = Debug|Any CPU
		{F20E38AD-D916-4D3B-B818-4D92D8ABCCE0}.Release|Any CPU.ActiveCfg = Release|Any CPU
		{F20E38AD-D916-4D3B-B818-4D92D8ABCCE0}.Release|Any CPU.Build.0 = Release|Any CPU
		{4BAEE33A-75CF-4409-B4DD-CC4F4916579B}.Debug|Any CPU.ActiveCfg = Debug|Any CPU
		{4BAEE33A-75CF-4409-B4DD-CC4F4916579B}.Debug|Any CPU.Build.0 = Debug|Any CPU
		{4BAEE33A-75CF-4409-B4DD-CC4F4916579B}.Release|Any CPU.ActiveCfg = Release|Any CPU
		{4BAEE33A-75CF-4409-B4DD-CC4F4916579B}.Release|Any CPU.Build.0 = Release|Any CPU
		{5BEA0B8F-A42F-4659-AC99-89D7365A5C00}.Debug|Any CPU.ActiveCfg = Debug|Any CPU
		{5BEA0B8F-A42F-4659-AC99-89D7365A5C00}.Debug|Any CPU.Build.0 = Debug|Any CPU
		{5BEA0B8F-A42F-4659-AC99-89D7365A5C00}.Release|Any CPU.ActiveCfg = Release|Any CPU
		{5BEA0B8F-A42F-4659-AC99-89D7365A5C00}.Release|Any CPU.Build.0 = Release|Any CPU
		{AC6E5A3D-F130-42A3-B9A7-F8037F694250}.Debug|Any CPU.ActiveCfg = Debug|Any CPU
		{AC6E5A3D-F130-42A3-B9A7-F8037F694250}.Debug|Any CPU.Build.0 = Debug|Any CPU
		{AC6E5A3D-F130-42A3-B9A7-F8037F694250}.Release|Any CPU.ActiveCfg = Release|Any CPU
		{AC6E5A3D-F130-42A3-B9A7-F8037F694250}.Release|Any CPU.Build.0 = Release|Any CPU
		{59528986-E6F3-4EF1-B396-A56A7668E8C6}.Debug|Any CPU.ActiveCfg = Debug|Any CPU
		{59528986-E6F3-4EF1-B396-A56A7668E8C6}.Debug|Any CPU.Build.0 = Debug|Any CPU
		{59528986-E6F3-4EF1-B396-A56A7668E8C6}.Release|Any CPU.ActiveCfg = Release|Any CPU
		{59528986-E6F3-4EF1-B396-A56A7668E8C6}.Release|Any CPU.Build.0 = Release|Any CPU
		{10B136BD-45BA-4430-8F4E-193F0D33E325}.Debug|Any CPU.ActiveCfg = Debug|Any CPU
		{10B136BD-45BA-4430-8F4E-193F0D33E325}.Debug|Any CPU.Build.0 = Debug|Any CPU
		{10B136BD-45BA-4430-8F4E-193F0D33E325}.Release|Any CPU.ActiveCfg = Release|Any CPU
		{10B136BD-45BA-4430-8F4E-193F0D33E325}.Release|Any CPU.Build.0 = Release|Any CPU
		{76065931-68BC-48A9-9473-0EF040AD3DFA}.Debug|Any CPU.ActiveCfg = Debug|Any CPU
		{76065931-68BC-48A9-9473-0EF040AD3DFA}.Debug|Any CPU.Build.0 = Debug|Any CPU
		{76065931-68BC-48A9-9473-0EF040AD3DFA}.Release|Any CPU.ActiveCfg = Release|Any CPU
		{76065931-68BC-48A9-9473-0EF040AD3DFA}.Release|Any CPU.Build.0 = Release|Any CPU
		{0885FE13-00D5-424B-A595-4308E57E534C}.Debug|Any CPU.ActiveCfg = Debug|Any CPU
		{0885FE13-00D5-424B-A595-4308E57E534C}.Debug|Any CPU.Build.0 = Debug|Any CPU
		{0885FE13-00D5-424B-A595-4308E57E534C}.Release|Any CPU.ActiveCfg = Release|Any CPU
		{0885FE13-00D5-424B-A595-4308E57E534C}.Release|Any CPU.Build.0 = Release|Any CPU
		{A29E2FCA-58E7-4A1C-ABD4-3F51503F3023}.Debug|Any CPU.ActiveCfg = Debug|Any CPU
		{A29E2FCA-58E7-4A1C-ABD4-3F51503F3023}.Debug|Any CPU.Build.0 = Debug|Any CPU
		{A29E2FCA-58E7-4A1C-ABD4-3F51503F3023}.Release|Any CPU.ActiveCfg = Release|Any CPU
		{A29E2FCA-58E7-4A1C-ABD4-3F51503F3023}.Release|Any CPU.Build.0 = Release|Any CPU
		{D77C7E63-8CE2-4679-A7EC-EF4BF035D7E6}.Debug|Any CPU.ActiveCfg = Debug|Any CPU
		{D77C7E63-8CE2-4679-A7EC-EF4BF035D7E6}.Debug|Any CPU.Build.0 = Debug|Any CPU
		{D77C7E63-8CE2-4679-A7EC-EF4BF035D7E6}.Release|Any CPU.ActiveCfg = Release|Any CPU
		{D77C7E63-8CE2-4679-A7EC-EF4BF035D7E6}.Release|Any CPU.Build.0 = Release|Any CPU
		{3AD1671D-562B-4A9B-8B2E-4AE7D4B4A81C}.Debug|Any CPU.ActiveCfg = Debug|Any CPU
		{3AD1671D-562B-4A9B-8B2E-4AE7D4B4A81C}.Debug|Any CPU.Build.0 = Debug|Any CPU
		{3AD1671D-562B-4A9B-8B2E-4AE7D4B4A81C}.Release|Any CPU.ActiveCfg = Release|Any CPU
		{3AD1671D-562B-4A9B-8B2E-4AE7D4B4A81C}.Release|Any CPU.Build.0 = Release|Any CPU
		{4E9E4990-2014-4C4E-9F3A-4C954AB6C903}.Debug|Any CPU.ActiveCfg = Debug|Any CPU
		{4E9E4990-2014-4C4E-9F3A-4C954AB6C903}.Debug|Any CPU.Build.0 = Debug|Any CPU
		{4E9E4990-2014-4C4E-9F3A-4C954AB6C903}.Release|Any CPU.ActiveCfg = Release|Any CPU
		{4E9E4990-2014-4C4E-9F3A-4C954AB6C903}.Release|Any CPU.Build.0 = Release|Any CPU
		{C67AED62-069A-469F-93DD-A3BD96BFEF4E}.Debug|Any CPU.ActiveCfg = Debug|Any CPU
		{C67AED62-069A-469F-93DD-A3BD96BFEF4E}.Debug|Any CPU.Build.0 = Debug|Any CPU
		{C67AED62-069A-469F-93DD-A3BD96BFEF4E}.Release|Any CPU.ActiveCfg = Release|Any CPU
		{C67AED62-069A-469F-93DD-A3BD96BFEF4E}.Release|Any CPU.Build.0 = Release|Any CPU
		{F6FA8537-5414-4A0C-B6BC-3126DBF73B88}.Debug|Any CPU.ActiveCfg = Debug|Any CPU
		{F6FA8537-5414-4A0C-B6BC-3126DBF73B88}.Debug|Any CPU.Build.0 = Debug|Any CPU
		{F6FA8537-5414-4A0C-B6BC-3126DBF73B88}.Release|Any CPU.ActiveCfg = Release|Any CPU
		{F6FA8537-5414-4A0C-B6BC-3126DBF73B88}.Release|Any CPU.Build.0 = Release|Any CPU
	EndGlobalSection
	GlobalSection(SolutionProperties) = preSolution
		HideSolutionNode = FALSE
	EndGlobalSection
	GlobalSection(NestedProjects) = preSolution
		{5053679E-F675-44D0-B301-1187FFA9B524} = {02EA681E-C7D8-13C7-8484-4AC65E1B71E8}
		{4EAA08C1-8129-4909-B3AB-C6F17F7851F0} = {02EA681E-C7D8-13C7-8484-4AC65E1B71E8}
		{4998D881-D8D8-4C7F-A4D5-8BF1B5DD59FA} = {02EA681E-C7D8-13C7-8484-4AC65E1B71E8}
		{9DE54C97-EF7B-468D-8B42-1AC1A2470605} = {1BE3F177-2135-4026-B6F0-8A98ABCE0640}
		{F20E38AD-D916-4D3B-B818-4D92D8ABCCE0} = {1BE3F177-2135-4026-B6F0-8A98ABCE0640}
		{4BAEE33A-75CF-4409-B4DD-CC4F4916579B} = {1BE3F177-2135-4026-B6F0-8A98ABCE0640}
		{5BEA0B8F-A42F-4659-AC99-89D7365A5C00} = {CF6BC5A3-1836-4FE4-AA35-AD0B1DFDFD3C}
		{AC6E5A3D-F130-42A3-B9A7-F8037F694250} = {CF6BC5A3-1836-4FE4-AA35-AD0B1DFDFD3C}
		{59528986-E6F3-4EF1-B396-A56A7668E8C6} = {CF6BC5A3-1836-4FE4-AA35-AD0B1DFDFD3C}
		{10B136BD-45BA-4430-8F4E-193F0D33E325} = {55BA5274-FD60-49DE-984A-5583B211A2BC}
		{76065931-68BC-48A9-9473-0EF040AD3DFA} = {55BA5274-FD60-49DE-984A-5583B211A2BC}
		{0885FE13-00D5-424B-A595-4308E57E534C} = {55BA5274-FD60-49DE-984A-5583B211A2BC}
		{A29E2FCA-58E7-4A1C-ABD4-3F51503F3023} = {CAEBA2C9-BCF9-4576-94AF-4D0B563AA0DF}
		{D77C7E63-8CE2-4679-A7EC-EF4BF035D7E6} = {CAEBA2C9-BCF9-4576-94AF-4D0B563AA0DF}
		{3AD1671D-562B-4A9B-8B2E-4AE7D4B4A81C} = {CAEBA2C9-BCF9-4576-94AF-4D0B563AA0DF}
		{4E9E4990-2014-4C4E-9F3A-4C954AB6C903} = {29362FAF-1E2F-4E3C-9B58-4F0B1DA40BDE}
		{C67AED62-069A-469F-93DD-A3BD96BFEF4E} = {29362FAF-1E2F-4E3C-9B58-4F0B1DA40BDE}
		{F6FA8537-5414-4A0C-B6BC-3126DBF73B88} = {29362FAF-1E2F-4E3C-9B58-4F0B1DA40BDE}
	EndGlobalSection
	GlobalSection(ExtensibilityGlobals) = postSolution
		SolutionGuid = {55965089-A49B-4731-8D83-01C9D1244399}
	EndGlobalSection
EndGlobal
